
Microsoft Visual Studio Solution File, Format Version 12.00
# Visual Studio Version 16
VisualStudioVersion = 16.0.29613.14
MinimumVisualStudioVersion = 10.0.40219.1
Project("{FAE04EC0-301F-11D3-BF4B-00C04F79EFBC}") = "WebApplication5", "WebApplication5\WebApplication5.csproj", "{A2E108AE-8A76-4030-8F1E-64DBCE9D0926}"
EndProject
Project("{FAE04EC0-301F-11D3-BF4B-00C04F79EFBC}") = "UnitTestProject2", "UnitTestProject2\UnitTestProject2.csproj", "{1779BB76-5A5D-4377-AF18-47D97E672302}"
EndProject
Global
	GlobalSection(SolutionConfigurationPlatforms) = preSolution
		Debug|Any CPU = Debug|Any CPU
		Release|Any CPU = Release|Any CPU
	EndGlobalSection
	GlobalSection(ProjectConfigurationPlatforms) = postSolution
		{A2E108AE-8A76-4030-8F1E-64DBCE9D0926}.Debug|Any CPU.ActiveCfg = Debug|Any CPU
		{A2E108AE-8A76-4030-8F1E-64DBCE9D0926}.Debug|Any CPU.Build.0 = Debug|Any CPU
		{A2E108AE-8A76-4030-8F1E-64DBCE9D0926}.Release|Any CPU.ActiveCfg = Release|Any CPU
		{A2E108AE-8A76-4030-8F1E-64DBCE9D0926}.Release|Any CPU.Build.0 = Release|Any CPU
		{1779BB76-5A5D-4377-AF18-47D97E672302}.Debug|Any CPU.ActiveCfg = Debug|Any CPU
		{1779BB76-5A5D-4377-AF18-47D97E672302}.Debug|Any CPU.Build.0 = Debug|Any CPU
		{1779BB76-5A5D-4377-AF18-47D97E672302}.Release|Any CPU.ActiveCfg = Release|Any CPU
		{1779BB76-5A5D-4377-AF18-47D97E672302}.Release|Any CPU.Build.0 = Release|Any CPU
	EndGlobalSection
	GlobalSection(SolutionProperties) = preSolution
		HideSolutionNode = FALSE
	EndGlobalSection
	GlobalSection(ExtensibilityGlobals) = postSolution
		SolutionGuid = {CD9B22A5-C014-4F7B-8548-0B15FBE26C51}
	EndGlobalSection
EndGlobal
